
Microsoft Visual Studio Solution File, Format Version 12.00
# Visual Studio Version 17
VisualStudioVersion = 17.0.31903.59
MinimumVisualStudioVersion = 10.0.40219.1
Project("{FAE04EC0-301F-11D3-BF4B-00C04F79EFBC}") = "MusicProduction.API", "MusicProduction.API\MusicProduction.API.csproj", "{00302362-4250-41EA-A943-91F99BD0910C}"
EndProject
Project("{FAE04EC0-301F-11D3-BF4B-00C04F79EFBC}") = "MusicProduction.Client", "MusicProduction.Client\MusicProduction.Client.csproj", "{F34B9F0D-3374-4A73-BD42-F6809F9D9E28}"
EndProject
Global
	GlobalSection(SolutionConfigurationPlatforms) = preSolution
		Debug|Any CPU = Debug|Any CPU
		Release|Any CPU = Release|Any CPU
	EndGlobalSection
	GlobalSection(SolutionProperties) = preSolution
		HideSolutionNode = FALSE
	EndGlobalSection
	GlobalSection(ProjectConfigurationPlatforms) = postSolution
		{00302362-4250-41EA-A943-91F99BD0910C}.Debug|Any CPU.ActiveCfg = Debug|Any CPU
		{00302362-4250-41EA-A943-91F99BD0910C}.Debug|Any CPU.Build.0 = Debug|Any CPU
		{00302362-4250-41EA-A943-91F99BD0910C}.Release|Any CPU.ActiveCfg = Release|Any CPU
		{00302362-4250-41EA-A943-91F99BD0910C}.Release|Any CPU.Build.0 = Release|Any CPU
		{F34B9F0D-3374-4A73-BD42-F6809F9D9E28}.Debug|Any CPU.ActiveCfg = Debug|Any CPU
		{F34B9F0D-3374-4A73-BD42-F6809F9D9E28}.Debug|Any CPU.Build.0 = Debug|Any CPU
		{F34B9F0D-3374-4A73-BD42-F6809F9D9E28}.Release|Any CPU.ActiveCfg = Release|Any CPU
		{F34B9F0D-3374-4A73-BD42-F6809F9D9E28}.Release|Any CPU.Build.0 = Release|Any CPU
	EndGlobalSection
EndGlobal
