Microsoft Visual Studio Solution File, Format Version 12.00
# Visual Studio Version 17
VisualStudioVersion = 17.5.2.0
MinimumVisualStudioVersion = 10.0.40219.1
Project("{FAE04EC0-301F-11D3-BF4B-00C04F79EFBC}") = "MusicProduction.Client", "MusicProduction.Client.csproj", "{5A3F7822-66A4-59B7-B9DB-47B2D3766509}"
EndProject
Global
	GlobalSection(SolutionConfigurationPlatforms) = preSolution
		Debug|Any CPU = Debug|Any CPU
		Release|Any CPU = Release|Any CPU
	EndGlobalSection
	GlobalSection(ProjectConfigurationPlatforms) = postSolution
		{5A3F7822-66A4-59B7-B9DB-47B2D3766509}.Debug|Any CPU.ActiveCfg = Debug|Any CPU
		{5A3F7822-66A4-59B7-B9DB-47B2D3766509}.Debug|Any CPU.Build.0 = Debug|Any CPU
		{5A3F7822-66A4-59B7-B9DB-47B2D3766509}.Release|Any CPU.ActiveCfg = Release|Any CPU
		{5A3F7822-66A4-59B7-B9DB-47B2D3766509}.Release|Any CPU.Build.0 = Release|Any CPU
	EndGlobalSection
	GlobalSection(SolutionProperties) = preSolution
		HideSolutionNode = FALSE
	EndGlobalSection
	GlobalSection(ExtensibilityGlobals) = postSolution
		SolutionGuid = {8770618D-561F-4C9D-983C-11DD2B71C3D3}
	EndGlobalSection
EndGlobal
